
Microsoft Visual Studio Solution File, Format Version 12.00
# Visual Studio Version 16
VisualStudioVersion = 16.0.31727.386
MinimumVisualStudioVersion = 10.0.40219.1
Project("{8BC9CEB8-8B4A-11D0-8D11-00A0C91BC942}") = "Graphics 222", "Graphics 222\Graphics 222.vcxproj", "{25DE836D-9833-4D40-BF36-9EE44F5E2EC8}"
EndProject
Global
	GlobalSection(SolutionConfigurationPlatforms) = preSolution
		Debug|x64 = Debug|x64
		Debug|x86 = Debug|x86
		Release|x64 = Release|x64
		Release|x86 = Release|x86
	EndGlobalSection
	GlobalSection(ProjectConfigurationPlatforms) = postSolution
		{25DE836D-9833-4D40-BF36-9EE44F5E2EC8}.Debug|x64.ActiveCfg = Debug|x64
		{25DE836D-9833-4D40-BF36-9EE44F5E2EC8}.Debug|x64.Build.0 = Debug|x64
		{25DE836D-9833-4D40-BF36-9EE44F5E2EC8}.Debug|x86.ActiveCfg = Debug|Win32
		{25DE836D-9833-4D40-BF36-9EE44F5E2EC8}.Debug|x86.Build.0 = Debug|Win32
		{25DE836D-9833-4D40-BF36-9EE44F5E2EC8}.Release|x64.ActiveCfg = Release|x64
		{25DE836D-9833-4D40-BF36-9EE44F5E2EC8}.Release|x64.Build.0 = Release|x64
		{25DE836D-9833-4D40-BF36-9EE44F5E2EC8}.Release|x86.ActiveCfg = Release|Win32
		{25DE836D-9833-4D40-BF36-9EE44F5E2EC8}.Release|x86.Build.0 = Release|Win32
	EndGlobalSection
	GlobalSection(SolutionProperties) = preSolution
		HideSolutionNode = FALSE
	EndGlobalSection
	GlobalSection(ExtensibilityGlobals) = postSolution
		SolutionGuid = {69D5B95E-8076-43CF-8C65-6693201CAA69}
	EndGlobalSection
EndGlobal
